
Microsoft Visual Studio Solution File, Format Version 12.00
# Visual Studio Version 17
VisualStudioVersion = 17.4.33213.308
MinimumVisualStudioVersion = 10.0.40219.1
Project("{FAE04EC0-301F-11D3-BF4B-00C04F79EFBC}") = "set2ex12", "set2ex12\set2ex12.csproj", "{0D5D9C67-9838-4810-848A-D5BA09E22F3B}"
EndProject
Global
	GlobalSection(SolutionConfigurationPlatforms) = preSolution
		Debug|Any CPU = Debug|Any CPU
		Release|Any CPU = Release|Any CPU
	EndGlobalSection
	GlobalSection(ProjectConfigurationPlatforms) = postSolution
		{0D5D9C67-9838-4810-848A-D5BA09E22F3B}.Debug|Any CPU.ActiveCfg = Debug|Any CPU
		{0D5D9C67-9838-4810-848A-D5BA09E22F3B}.Debug|Any CPU.Build.0 = Debug|Any CPU
		{0D5D9C67-9838-4810-848A-D5BA09E22F3B}.Release|Any CPU.ActiveCfg = Release|Any CPU
		{0D5D9C67-9838-4810-848A-D5BA09E22F3B}.Release|Any CPU.Build.0 = Release|Any CPU
	EndGlobalSection
	GlobalSection(SolutionProperties) = preSolution
		HideSolutionNode = FALSE
	EndGlobalSection
	GlobalSection(ExtensibilityGlobals) = postSolution
		SolutionGuid = {1DA0262B-3C7A-4CD7-9C7D-D2937D44E021}
	EndGlobalSection
EndGlobal
