
Microsoft Visual Studio Solution File, Format Version 12.00
# Visual Studio Version 17
VisualStudioVersion = 17.4.33213.308
MinimumVisualStudioVersion = 10.0.40219.1
Project("{FAE04EC0-301F-11D3-BF4B-00C04F79EFBC}") = "set2ex11", "set2ex11\set2ex11.csproj", "{45EA522D-834E-4FD3-A070-6134372D81BC}"
EndProject
Global
	GlobalSection(SolutionConfigurationPlatforms) = preSolution
		Debug|Any CPU = Debug|Any CPU
		Release|Any CPU = Release|Any CPU
	EndGlobalSection
	GlobalSection(ProjectConfigurationPlatforms) = postSolution
		{45EA522D-834E-4FD3-A070-6134372D81BC}.Debug|Any CPU.ActiveCfg = Debug|Any CPU
		{45EA522D-834E-4FD3-A070-6134372D81BC}.Debug|Any CPU.Build.0 = Debug|Any CPU
		{45EA522D-834E-4FD3-A070-6134372D81BC}.Release|Any CPU.ActiveCfg = Release|Any CPU
		{45EA522D-834E-4FD3-A070-6134372D81BC}.Release|Any CPU.Build.0 = Release|Any CPU
	EndGlobalSection
	GlobalSection(SolutionProperties) = preSolution
		HideSolutionNode = FALSE
	EndGlobalSection
	GlobalSection(ExtensibilityGlobals) = postSolution
		SolutionGuid = {FF8E32A6-B106-4FCB-BBE0-4FC4DAA7FEA2}
	EndGlobalSection
EndGlobal
