
Microsoft Visual Studio Solution File, Format Version 12.00
# Visual Studio Version 17
VisualStudioVersion = 17.4.33213.308
MinimumVisualStudioVersion = 10.0.40219.1
Project("{FAE04EC0-301F-11D3-BF4B-00C04F79EFBC}") = "set2ex13", "set2ex13\set2ex13.csproj", "{356F9AA4-E1F3-40A0-AB2C-D3474E4341A2}"
EndProject
Global
	GlobalSection(SolutionConfigurationPlatforms) = preSolution
		Debug|Any CPU = Debug|Any CPU
		Release|Any CPU = Release|Any CPU
	EndGlobalSection
	GlobalSection(ProjectConfigurationPlatforms) = postSolution
		{356F9AA4-E1F3-40A0-AB2C-D3474E4341A2}.Debug|Any CPU.ActiveCfg = Debug|Any CPU
		{356F9AA4-E1F3-40A0-AB2C-D3474E4341A2}.Debug|Any CPU.Build.0 = Debug|Any CPU
		{356F9AA4-E1F3-40A0-AB2C-D3474E4341A2}.Release|Any CPU.ActiveCfg = Release|Any CPU
		{356F9AA4-E1F3-40A0-AB2C-D3474E4341A2}.Release|Any CPU.Build.0 = Release|Any CPU
	EndGlobalSection
	GlobalSection(SolutionProperties) = preSolution
		HideSolutionNode = FALSE
	EndGlobalSection
	GlobalSection(ExtensibilityGlobals) = postSolution
		SolutionGuid = {56EBB3FC-84D0-4E10-9312-BD8FBD9475AD}
	EndGlobalSection
EndGlobal
